
Microsoft Visual Studio Solution File, Format Version 12.00
# Visual Studio Version 16
VisualStudioVersion = 16.0.30523.141
MinimumVisualStudioVersion = 10.0.40219.1
Project("{FAE04EC0-301F-11D3-BF4B-00C04F79EFBC}") = "OpenAPI.NET.CSharpAnnotations.Example", "OpenAPI.NET.CSharpAnnotations.Example.csproj", "{AEA6FCA9-BA17-4384-B5D8-2E6A25116DA2}"
EndProject
Global
	GlobalSection(SolutionConfigurationPlatforms) = preSolution
		Debug|Any CPU = Debug|Any CPU
		Release|Any CPU = Release|Any CPU
	EndGlobalSection
	GlobalSection(ProjectConfigurationPlatforms) = postSolution
		{AEA6FCA9-BA17-4384-B5D8-2E6A25116DA2}.Debug|Any CPU.ActiveCfg = Debug|Any CPU
		{AEA6FCA9-BA17-4384-B5D8-2E6A25116DA2}.Debug|Any CPU.Build.0 = Debug|Any CPU
		{AEA6FCA9-BA17-4384-B5D8-2E6A25116DA2}.Release|Any CPU.ActiveCfg = Release|Any CPU
		{AEA6FCA9-BA17-4384-B5D8-2E6A25116DA2}.Release|Any CPU.Build.0 = Release|Any CPU
	EndGlobalSection
	GlobalSection(SolutionProperties) = preSolution
		HideSolutionNode = FALSE
	EndGlobalSection
	GlobalSection(ExtensibilityGlobals) = postSolution
		SolutionGuid = {30126BF2-74C2-4905-BA82-A2F7DB83CE84}
	EndGlobalSection
EndGlobal
